// !$*UTF8*$!
{
	archiveVersion = 1;
	classes = {
	};
	objectVersion = 54;
	objects = {

/* Begin PBXBuildFile section */
		4D0A09FE2561952D0086B6BD /* ValueDisplay.swift in Sources */ = {isa = PBXBuildFile; fileRef = 4D0A09FD2561952D0086B6BD /* ValueDisplay.swift */; };
		4D0B6B36258EA2CC00504315 /* AppIconBlack@2x.png in Resources */ = {isa = PBXBuildFile; fileRef = 4D0B6B32258EA2CC00504315 /* AppIconBlack@2x.png */; };
		4D0B6B37258EA2CC00504315 /* AppIconBlack@2x~ipad.png in Resources */ = {isa = PBXBuildFile; fileRef = 4D0B6B33258EA2CC00504315 /* AppIconBlack@2x~ipad.png */; };
		4D0B6B38258EA2CC00504315 /* AppIconBlack@3x.png in Resources */ = {isa = PBXBuildFile; fileRef = 4D0B6B34258EA2CC00504315 /* AppIconBlack@3x.png */; };
		4D0B6B39258EA2CC00504315 /* AppIconBlackPro@2x~ipad.png in Resources */ = {isa = PBXBuildFile; fileRef = 4D0B6B35258EA2CC00504315 /* AppIconBlackPro@2x~ipad.png */; };
		4D399E3D25892A4D00079CE9 /* Colors.swift in Sources */ = {isa = PBXBuildFile; fileRef = 4D399E3C25892A4D00079CE9 /* Colors.swift */; };
		4D399E41258942A500079CE9 /* SettingsBaseTableViewCell.swift in Sources */ = {isa = PBXBuildFile; fileRef = 4D399E40258942A500079CE9 /* SettingsBaseTableViewCell.swift */; };
		4D44AE042513FE5300ED5142 /* AppDelegate.swift in Sources */ = {isa = PBXBuildFile; fileRef = 4D44AE032513FE5300ED5142 /* AppDelegate.swift */; };
		4D44AE062513FE5300ED5142 /* SceneDelegate.swift in Sources */ = {isa = PBXBuildFile; fileRef = 4D44AE052513FE5300ED5142 /* SceneDelegate.swift */; };
		4D44AE0D2513FE5400ED5142 /* Assets.xcassets in Resources */ = {isa = PBXBuildFile; fileRef = 4D44AE0C2513FE5400ED5142 /* Assets.xcassets */; };
		4D44AE102513FE5400ED5142 /* LaunchScreen.storyboard in Resources */ = {isa = PBXBuildFile; fileRef = 4D44AE0E2513FE5400ED5142 /* LaunchScreen.storyboard */; };
		4D44AE1B2513FE5400ED5142 /* RefractoTests.swift in Sources */ = {isa = PBXBuildFile; fileRef = 4D44AE1A2513FE5400ED5142 /* RefractoTests.swift */; };
		4D54B03625152E570017C3DD /* SettingsController.swift in Sources */ = {isa = PBXBuildFile; fileRef = 4D54B03525152E570017C3DD /* SettingsController.swift */; };
		4D54B040251531260017C3DD /* RefractometerController.swift in Sources */ = {isa = PBXBuildFile; fileRef = 4D54B03F251531260017C3DD /* RefractometerController.swift */; };
		4D54B04825153E8C0017C3DD /* String+Localizable.swift in Sources */ = {isa = PBXBuildFile; fileRef = 4D54B04725153E8C0017C3DD /* String+Localizable.swift */; };
		4D5AFD3F258B959300C7D7E1 /* SeparatorLine.swift in Sources */ = {isa = PBXBuildFile; fileRef = 4D5AFD3E258B959300C7D7E1 /* SeparatorLine.swift */; };
		4D6A76C12AC9E282000C57E5 /* PrivacyInfo.xcprivacy in Resources */ = {isa = PBXBuildFile; fileRef = 4D6A76C02AC9E282000C57E5 /* PrivacyInfo.xcprivacy */; };
		4D7D9426255837690089F864 /* RefractometerDisplay.swift in Sources */ = {isa = PBXBuildFile; fileRef = 4D7D9425255837690089F864 /* RefractometerDisplay.swift */; };
		4D7D942D2558434E0089F864 /* RefractionInputNeedle.swift in Sources */ = {isa = PBXBuildFile; fileRef = 4D7D942C2558434E0089F864 /* RefractionInputNeedle.swift */; };
		4D7D943125584A700089F864 /* FormulaInputDot.swift in Sources */ = {isa = PBXBuildFile; fileRef = 4D7D943025584A700089F864 /* FormulaInputDot.swift */; };
		4D800D3F2593FFCB005AFD5A /* NSLayoutConstraint+Priority.swift in Sources */ = {isa = PBXBuildFile; fileRef = 4D800D3E2593FFCB005AFD5A /* NSLayoutConstraint+Priority.swift */; };
		4D8944C1252082B0004A132D /* UIView+Embedding.swift in Sources */ = {isa = PBXBuildFile; fileRef = 4D8944C0252082B0004A132D /* UIView+Embedding.swift */; };
		4D8944C9252085B5004A132D /* RefractometerNavigationController.swift in Sources */ = {isa = PBXBuildFile; fileRef = 4D8944C8252085B5004A132D /* RefractometerNavigationController.swift */; };
		4D8944CF25208E60004A132D /* UIFont+MonospacedNumbers.swift in Sources */ = {isa = PBXBuildFile; fileRef = 4D8944CE25208E60004A132D /* UIFont+MonospacedNumbers.swift */; };
		4D9035092556C4BB00F6ABC3 /* RefractionInput.swift in Sources */ = {isa = PBXBuildFile; fileRef = 4D9035082556C4BB00F6ABC3 /* RefractionInput.swift */; };
		4D9F45F825671F13001A6A15 /* RefractometerModel.swift in Sources */ = {isa = PBXBuildFile; fileRef = 4D9F45F725671F13001A6A15 /* RefractometerModel.swift */; };
		4DA0CD242513FFE80087DD9C /* Computations.swift in Sources */ = {isa = PBXBuildFile; fileRef = 4DA0CD232513FFE80087DD9C /* Computations.swift */; };
		4DA0CD29251400350087DD9C /* Formatters.swift in Sources */ = {isa = PBXBuildFile; fileRef = 4DA0CD28251400350087DD9C /* Formatters.swift */; };
		4DA9FE77251A6117008C0BB4 /* UIViewController+Scene.swift in Sources */ = {isa = PBXBuildFile; fileRef = 4DA9FE76251A6117008C0BB4 /* UIViewController+Scene.swift */; };
		4DC3645D258AC68800DF5B8D /* DisclosureIndicator.swift in Sources */ = {isa = PBXBuildFile; fileRef = 4DC3645C258AC68800DF5B8D /* DisclosureIndicator.swift */; };
		4DE51EAC251D027300C6DBE8 /* WortCorrectionCell.swift in Sources */ = {isa = PBXBuildFile; fileRef = 4DE51EAB251D027300C6DBE8 /* WortCorrectionCell.swift */; };
		4DF0E0F22595F509007C2D0E /* ReadableWidthView.swift in Sources */ = {isa = PBXBuildFile; fileRef = 4DF0E0F12595F509007C2D0E /* ReadableWidthView.swift */; };
		4DF18BC0255804C900CFE63F /* FormulaInput.swift in Sources */ = {isa = PBXBuildFile; fileRef = 4DF18BBF255804C900CFE63F /* FormulaInput.swift */; };
		4DF2ECE5252F8975007A0CDD /* FormulaInputCell.swift in Sources */ = {isa = PBXBuildFile; fileRef = 4D9A18F22522620200938ED7 /* FormulaInputCell.swift */; };
		4DF2ECE8252F8987007A0CDD /* RefractionInputCell.swift in Sources */ = {isa = PBXBuildFile; fileRef = 4D9A18F72522621E00938ED7 /* RefractionInputCell.swift */; };
		4DF2ECEB252F8991007A0CDD /* RefractionInputLabel.swift in Sources */ = {isa = PBXBuildFile; fileRef = 4D9A18F62522621E00938ED7 /* RefractionInputLabel.swift */; };
		4DF2ECEE252F89E7007A0CDD /* RefractionInputLayout.swift in Sources */ = {isa = PBXBuildFile; fileRef = 4D9A18F82522621E00938ED7 /* RefractionInputLayout.swift */; };
		4DFEE8A12515684100D50171 /* Localizable.strings in Resources */ = {isa = PBXBuildFile; fileRef = 4DFEE8A32515684100D50171 /* Localizable.strings */; };
		4DFEE8AB251569DA00D50171 /* MessageUI.framework in Frameworks */ = {isa = PBXBuildFile; fileRef = 4DFEE8AA251569DA00D50171 /* MessageUI.framework */; };
		4DFEE8AF251611BC00D50171 /* ItemPickerController.swift in Sources */ = {isa = PBXBuildFile; fileRef = 4DFEE8AE251611BC00D50171 /* ItemPickerController.swift */; };
		4DFEE9112517697D00D50171 /* AppIconBlue@2x~ipad.png in Resources */ = {isa = PBXBuildFile; fileRef = 4DFEE90D2517697D00D50171 /* AppIconBlue@2x~ipad.png */; };
		4DFEE9122517697D00D50171 /* AppIconBlue@3x.png in Resources */ = {isa = PBXBuildFile; fileRef = 4DFEE90E2517697D00D50171 /* AppIconBlue@3x.png */; };
		4DFEE9132517697D00D50171 /* AppIconBlue@2x.png in Resources */ = {isa = PBXBuildFile; fileRef = 4DFEE90F2517697D00D50171 /* AppIconBlue@2x.png */; };
		4DFEE9142517697D00D50171 /* AppIconBluePro@2x~ipad.png in Resources */ = {isa = PBXBuildFile; fileRef = 4DFEE9102517697D00D50171 /* AppIconBluePro@2x~ipad.png */; };
		4DFEE91B2517698900D50171 /* AppIconRed@3x.png in Resources */ = {isa = PBXBuildFile; fileRef = 4DFEE9172517698900D50171 /* AppIconRed@3x.png */; };
		4DFEE91C2517698900D50171 /* AppIconRedPro@2x~ipad.png in Resources */ = {isa = PBXBuildFile; fileRef = 4DFEE9182517698900D50171 /* AppIconRedPro@2x~ipad.png */; };
		4DFEE91D2517698900D50171 /* AppIconRed@2x~ipad.png in Resources */ = {isa = PBXBuildFile; fileRef = 4DFEE9192517698900D50171 /* AppIconRed@2x~ipad.png */; };
		4DFEE91E2517698900D50171 /* AppIconRed@2x.png in Resources */ = {isa = PBXBuildFile; fileRef = 4DFEE91A2517698900D50171 /* AppIconRed@2x.png */; };
		4DFEE9252517699300D50171 /* AppIconYellow@3x.png in Resources */ = {isa = PBXBuildFile; fileRef = 4DFEE9212517699300D50171 /* AppIconYellow@3x.png */; };
		4DFEE9262517699300D50171 /* AppIconYellowPro@2x~ipad.png in Resources */ = {isa = PBXBuildFile; fileRef = 4DFEE9222517699300D50171 /* AppIconYellowPro@2x~ipad.png */; };
		4DFEE9272517699300D50171 /* AppIconYellow@2x~ipad.png in Resources */ = {isa = PBXBuildFile; fileRef = 4DFEE9232517699300D50171 /* AppIconYellow@2x~ipad.png */; };
		4DFEE9282517699300D50171 /* AppIconYellow@2x.png in Resources */ = {isa = PBXBuildFile; fileRef = 4DFEE9242517699300D50171 /* AppIconYellow@2x.png */; };
		4DFEE92F2517699B00D50171 /* AppIconWhitePro@2x~ipad.png in Resources */ = {isa = PBXBuildFile; fileRef = 4DFEE92B2517699B00D50171 /* AppIconWhitePro@2x~ipad.png */; };
		4DFEE9302517699B00D50171 /* AppIconWhite@2x~ipad.png in Resources */ = {isa = PBXBuildFile; fileRef = 4DFEE92C2517699B00D50171 /* AppIconWhite@2x~ipad.png */; };
		4DFEE9312517699B00D50171 /* AppIconWhite@3x.png in Resources */ = {isa = PBXBuildFile; fileRef = 4DFEE92D2517699B00D50171 /* AppIconWhite@3x.png */; };
		4DFEE9322517699B00D50171 /* AppIconWhite@2x.png in Resources */ = {isa = PBXBuildFile; fileRef = 4DFEE92E2517699B00D50171 /* AppIconWhite@2x.png */; };
		4DFEE9452517EDD400D50171 /* ItemPickable.swift in Sources */ = {isa = PBXBuildFile; fileRef = 4DFEE9442517EDD400D50171 /* ItemPickable.swift */; };
		4DFEE94B2517EE2700D50171 /* ItemPickerCell.swift in Sources */ = {isa = PBXBuildFile; fileRef = 4DFEE94A2517EE2700D50171 /* ItemPickerCell.swift */; };
		4DFEE94F2517EE5900D50171 /* ItemCell.swift in Sources */ = {isa = PBXBuildFile; fileRef = 4DFEE94E2517EE5900D50171 /* ItemCell.swift */; };
		4DFEE95E25192B1800D50171 /* Settings.swift in Sources */ = {isa = PBXBuildFile; fileRef = 4DFEE95D25192B1800D50171 /* Settings.swift */; };
		4DFEE96525193DB700D50171 /* LinkCell.swift in Sources */ = {isa = PBXBuildFile; fileRef = 4DFEE96425193DB700D50171 /* LinkCell.swift */; };
/* End PBXBuildFile section */

/* Begin PBXContainerItemProxy section */
		4D44AE172513FE5400ED5142 /* PBXContainerItemProxy */ = {
			isa = PBXContainerItemProxy;
			containerPortal = 4D44ADF82513FE5300ED5142 /* Project object */;
			proxyType = 1;
			remoteGlobalIDString = 4D44ADFF2513FE5300ED5142;
			remoteInfo = Refracto;
		};
/* End PBXContainerItemProxy section */

/* Begin PBXFileReference section */
		4D0A09FD2561952D0086B6BD /* ValueDisplay.swift */ = {isa = PBXFileReference; lastKnownFileType = sourcecode.swift; path = ValueDisplay.swift; sourceTree = "<group>"; };
		4D0B6B32258EA2CC00504315 /* AppIconBlack@2x.png */ = {isa = PBXFileReference; lastKnownFileType = image.png; path = "AppIconBlack@2x.png"; sourceTree = "<group>"; };
		4D0B6B33258EA2CC00504315 /* AppIconBlack@2x~ipad.png */ = {isa = PBXFileReference; lastKnownFileType = image.png; path = "AppIconBlack@2x~ipad.png"; sourceTree = "<group>"; };
		4D0B6B34258EA2CC00504315 /* AppIconBlack@3x.png */ = {isa = PBXFileReference; lastKnownFileType = image.png; path = "AppIconBlack@3x.png"; sourceTree = "<group>"; };
		4D0B6B35258EA2CC00504315 /* AppIconBlackPro@2x~ipad.png */ = {isa = PBXFileReference; lastKnownFileType = image.png; path = "AppIconBlackPro@2x~ipad.png"; sourceTree = "<group>"; };
		4D399E3C25892A4D00079CE9 /* Colors.swift */ = {isa = PBXFileReference; fileEncoding = 4; lastKnownFileType = sourcecode.swift; path = Colors.swift; sourceTree = "<group>"; };
		4D399E40258942A500079CE9 /* SettingsBaseTableViewCell.swift */ = {isa = PBXFileReference; lastKnownFileType = sourcecode.swift; path = SettingsBaseTableViewCell.swift; sourceTree = "<group>"; };
		4D44AE002513FE5300ED5142 /* Refracto.app */ = {isa = PBXFileReference; explicitFileType = wrapper.application; includeInIndex = 0; path = Refracto.app; sourceTree = BUILT_PRODUCTS_DIR; };
		4D44AE032513FE5300ED5142 /* AppDelegate.swift */ = {isa = PBXFileReference; lastKnownFileType = sourcecode.swift; path = AppDelegate.swift; sourceTree = "<group>"; };
		4D44AE052513FE5300ED5142 /* SceneDelegate.swift */ = {isa = PBXFileReference; lastKnownFileType = sourcecode.swift; path = SceneDelegate.swift; sourceTree = "<group>"; };
		4D44AE0C2513FE5400ED5142 /* Assets.xcassets */ = {isa = PBXFileReference; lastKnownFileType = folder.assetcatalog; path = Assets.xcassets; sourceTree = "<group>"; };
		4D44AE0F2513FE5400ED5142 /* Base */ = {isa = PBXFileReference; lastKnownFileType = file.storyboard; name = Base; path = Base.lproj/LaunchScreen.storyboard; sourceTree = "<group>"; };
		4D44AE112513FE5400ED5142 /* Info.plist */ = {isa = PBXFileReference; lastKnownFileType = text.plist.xml; path = Info.plist; sourceTree = "<group>"; };
		4D44AE162513FE5400ED5142 /* RefractoTests.xctest */ = {isa = PBXFileReference; explicitFileType = wrapper.cfbundle; includeInIndex = 0; path = RefractoTests.xctest; sourceTree = BUILT_PRODUCTS_DIR; };
		4D44AE1A2513FE5400ED5142 /* RefractoTests.swift */ = {isa = PBXFileReference; lastKnownFileType = sourcecode.swift; path = RefractoTests.swift; sourceTree = "<group>"; };
		4D44AE1C2513FE5400ED5142 /* Info.plist */ = {isa = PBXFileReference; lastKnownFileType = text.plist.xml; path = Info.plist; sourceTree = "<group>"; };
		4D54B03525152E570017C3DD /* SettingsController.swift */ = {isa = PBXFileReference; lastKnownFileType = sourcecode.swift; path = SettingsController.swift; sourceTree = "<group>"; };
		4D54B03F251531260017C3DD /* RefractometerController.swift */ = {isa = PBXFileReference; lastKnownFileType = sourcecode.swift; path = RefractometerController.swift; sourceTree = "<group>"; };
		4D54B04725153E8C0017C3DD /* String+Localizable.swift */ = {isa = PBXFileReference; fileEncoding = 4; lastKnownFileType = sourcecode.swift; path = "String+Localizable.swift"; sourceTree = "<group>"; };
		4D5AFD3E258B959300C7D7E1 /* SeparatorLine.swift */ = {isa = PBXFileReference; lastKnownFileType = sourcecode.swift; path = SeparatorLine.swift; sourceTree = "<group>"; };
		4D6A76C02AC9E282000C57E5 /* PrivacyInfo.xcprivacy */ = {isa = PBXFileReference; lastKnownFileType = text.xml; path = PrivacyInfo.xcprivacy; sourceTree = "<group>"; };
		4D7D9425255837690089F864 /* RefractometerDisplay.swift */ = {isa = PBXFileReference; lastKnownFileType = sourcecode.swift; path = RefractometerDisplay.swift; sourceTree = "<group>"; };
		4D7D942C2558434E0089F864 /* RefractionInputNeedle.swift */ = {isa = PBXFileReference; lastKnownFileType = sourcecode.swift; path = RefractionInputNeedle.swift; sourceTree = "<group>"; };
		4D7D943025584A700089F864 /* FormulaInputDot.swift */ = {isa = PBXFileReference; lastKnownFileType = sourcecode.swift; path = FormulaInputDot.swift; sourceTree = "<group>"; };
		4D800D3E2593FFCB005AFD5A /* NSLayoutConstraint+Priority.swift */ = {isa = PBXFileReference; lastKnownFileType = sourcecode.swift; path = "NSLayoutConstraint+Priority.swift"; sourceTree = "<group>"; };
		4D8944C0252082B0004A132D /* UIView+Embedding.swift */ = {isa = PBXFileReference; lastKnownFileType = sourcecode.swift; path = "UIView+Embedding.swift"; sourceTree = "<group>"; };
		4D8944C8252085B5004A132D /* RefractometerNavigationController.swift */ = {isa = PBXFileReference; lastKnownFileType = sourcecode.swift; path = RefractometerNavigationController.swift; sourceTree = "<group>"; };
		4D8944CE25208E60004A132D /* UIFont+MonospacedNumbers.swift */ = {isa = PBXFileReference; lastKnownFileType = sourcecode.swift; path = "UIFont+MonospacedNumbers.swift"; sourceTree = "<group>"; };
		4D9035082556C4BB00F6ABC3 /* RefractionInput.swift */ = {isa = PBXFileReference; lastKnownFileType = sourcecode.swift; path = RefractionInput.swift; sourceTree = "<group>"; };
		4D9A18F22522620200938ED7 /* FormulaInputCell.swift */ = {isa = PBXFileReference; fileEncoding = 4; lastKnownFileType = sourcecode.swift; path = FormulaInputCell.swift; sourceTree = "<group>"; };
		4D9A18F62522621E00938ED7 /* RefractionInputLabel.swift */ = {isa = PBXFileReference; fileEncoding = 4; lastKnownFileType = sourcecode.swift; path = RefractionInputLabel.swift; sourceTree = "<group>"; };
		4D9A18F72522621E00938ED7 /* RefractionInputCell.swift */ = {isa = PBXFileReference; fileEncoding = 4; lastKnownFileType = sourcecode.swift; path = RefractionInputCell.swift; sourceTree = "<group>"; };
		4D9A18F82522621E00938ED7 /* RefractionInputLayout.swift */ = {isa = PBXFileReference; fileEncoding = 4; lastKnownFileType = sourcecode.swift; path = RefractionInputLayout.swift; sourceTree = "<group>"; };
		4D9F45F725671F13001A6A15 /* RefractometerModel.swift */ = {isa = PBXFileReference; lastKnownFileType = sourcecode.swift; path = RefractometerModel.swift; sourceTree = "<group>"; };
		4DA0CD232513FFE80087DD9C /* Computations.swift */ = {isa = PBXFileReference; fileEncoding = 4; lastKnownFileType = sourcecode.swift; path = Computations.swift; sourceTree = "<group>"; };
		4DA0CD28251400350087DD9C /* Formatters.swift */ = {isa = PBXFileReference; fileEncoding = 4; lastKnownFileType = sourcecode.swift; path = Formatters.swift; sourceTree = "<group>"; };
		4DA9FE76251A6117008C0BB4 /* UIViewController+Scene.swift */ = {isa = PBXFileReference; lastKnownFileType = sourcecode.swift; path = "UIViewController+Scene.swift"; sourceTree = "<group>"; };
		4DC3645C258AC68800DF5B8D /* DisclosureIndicator.swift */ = {isa = PBXFileReference; lastKnownFileType = sourcecode.swift; path = DisclosureIndicator.swift; sourceTree = "<group>"; };
		4DE51EAB251D027300C6DBE8 /* WortCorrectionCell.swift */ = {isa = PBXFileReference; lastKnownFileType = sourcecode.swift; path = WortCorrectionCell.swift; sourceTree = "<group>"; };
		4DF0E0F12595F509007C2D0E /* ReadableWidthView.swift */ = {isa = PBXFileReference; lastKnownFileType = sourcecode.swift; path = ReadableWidthView.swift; sourceTree = "<group>"; };
		4DF18BBF255804C900CFE63F /* FormulaInput.swift */ = {isa = PBXFileReference; lastKnownFileType = sourcecode.swift; path = FormulaInput.swift; sourceTree = "<group>"; };
		4DFEE8A22515684100D50171 /* en */ = {isa = PBXFileReference; lastKnownFileType = text.plist.strings; name = en; path = en.lproj/Localizable.strings; sourceTree = "<group>"; };
		4DFEE8A6251568CD00D50171 /* de */ = {isa = PBXFileReference; lastKnownFileType = text.plist.strings; name = de; path = de.lproj/Localizable.strings; sourceTree = "<group>"; };
		4DFEE8AA251569DA00D50171 /* MessageUI.framework */ = {isa = PBXFileReference; lastKnownFileType = wrapper.framework; name = MessageUI.framework; path = System/Library/Frameworks/MessageUI.framework; sourceTree = SDKROOT; };
		4DFEE8AE251611BC00D50171 /* ItemPickerController.swift */ = {isa = PBXFileReference; lastKnownFileType = sourcecode.swift; path = ItemPickerController.swift; sourceTree = "<group>"; };
		4DFEE90D2517697D00D50171 /* AppIconBlue@2x~ipad.png */ = {isa = PBXFileReference; lastKnownFileType = image.png; path = "AppIconBlue@2x~ipad.png"; sourceTree = "<group>"; };
		4DFEE90E2517697D00D50171 /* AppIconBlue@3x.png */ = {isa = PBXFileReference; lastKnownFileType = image.png; path = "AppIconBlue@3x.png"; sourceTree = "<group>"; };
		4DFEE90F2517697D00D50171 /* AppIconBlue@2x.png */ = {isa = PBXFileReference; lastKnownFileType = image.png; path = "AppIconBlue@2x.png"; sourceTree = "<group>"; };
		4DFEE9102517697D00D50171 /* AppIconBluePro@2x~ipad.png */ = {isa = PBXFileReference; lastKnownFileType = image.png; path = "AppIconBluePro@2x~ipad.png"; sourceTree = "<group>"; };
		4DFEE9172517698900D50171 /* AppIconRed@3x.png */ = {isa = PBXFileReference; lastKnownFileType = image.png; path = "AppIconRed@3x.png"; sourceTree = "<group>"; };
		4DFEE9182517698900D50171 /* AppIconRedPro@2x~ipad.png */ = {isa = PBXFileReference; lastKnownFileType = image.png; path = "AppIconRedPro@2x~ipad.png"; sourceTree = "<group>"; };
		4DFEE9192517698900D50171 /* AppIconRed@2x~ipad.png */ = {isa = PBXFileReference; lastKnownFileType = image.png; path = "AppIconRed@2x~ipad.png"; sourceTree = "<group>"; };
		4DFEE91A2517698900D50171 /* AppIconRed@2x.png */ = {isa = PBXFileReference; lastKnownFileType = image.png; path = "AppIconRed@2x.png"; sourceTree = "<group>"; };
		4DFEE9212517699300D50171 /* AppIconYellow@3x.png */ = {isa = PBXFileReference; lastKnownFileType = image.png; path = "AppIconYellow@3x.png"; sourceTree = "<group>"; };
		4DFEE9222517699300D50171 /* AppIconYellowPro@2x~ipad.png */ = {isa = PBXFileReference; lastKnownFileType = image.png; path = "AppIconYellowPro@2x~ipad.png"; sourceTree = "<group>"; };
		4DFEE9232517699300D50171 /* AppIconYellow@2x~ipad.png */ = {isa = PBXFileReference; lastKnownFileType = image.png; path = "AppIconYellow@2x~ipad.png"; sourceTree = "<group>"; };
		4DFEE9242517699300D50171 /* AppIconYellow@2x.png */ = {isa = PBXFileReference; lastKnownFileType = image.png; path = "AppIconYellow@2x.png"; sourceTree = "<group>"; };
		4DFEE92B2517699B00D50171 /* AppIconWhitePro@2x~ipad.png */ = {isa = PBXFileReference; lastKnownFileType = image.png; path = "AppIconWhitePro@2x~ipad.png"; sourceTree = "<group>"; };
		4DFEE92C2517699B00D50171 /* AppIconWhite@2x~ipad.png */ = {isa = PBXFileReference; lastKnownFileType = image.png; path = "AppIconWhite@2x~ipad.png"; sourceTree = "<group>"; };
		4DFEE92D2517699B00D50171 /* AppIconWhite@3x.png */ = {isa = PBXFileReference; lastKnownFileType = image.png; path = "AppIconWhite@3x.png"; sourceTree = "<group>"; };
		4DFEE92E2517699B00D50171 /* AppIconWhite@2x.png */ = {isa = PBXFileReference; lastKnownFileType = image.png; path = "AppIconWhite@2x.png"; sourceTree = "<group>"; };
		4DFEE9442517EDD400D50171 /* ItemPickable.swift */ = {isa = PBXFileReference; lastKnownFileType = sourcecode.swift; path = ItemPickable.swift; sourceTree = "<group>"; };
		4DFEE94A2517EE2700D50171 /* ItemPickerCell.swift */ = {isa = PBXFileReference; lastKnownFileType = sourcecode.swift; path = ItemPickerCell.swift; sourceTree = "<group>"; };
		4DFEE94E2517EE5900D50171 /* ItemCell.swift */ = {isa = PBXFileReference; lastKnownFileType = sourcecode.swift; path = ItemCell.swift; sourceTree = "<group>"; };
		4DFEE95D25192B1800D50171 /* Settings.swift */ = {isa = PBXFileReference; lastKnownFileType = sourcecode.swift; path = Settings.swift; sourceTree = "<group>"; };
		4DFEE96425193DB700D50171 /* LinkCell.swift */ = {isa = PBXFileReference; lastKnownFileType = sourcecode.swift; path = LinkCell.swift; sourceTree = "<group>"; };
/* End PBXFileReference section */

/* Begin PBXFrameworksBuildPhase section */
		4D44ADFD2513FE5300ED5142 /* Frameworks */ = {
			isa = PBXFrameworksBuildPhase;
			buildActionMask = 2147483647;
			files = (
				4DFEE8AB251569DA00D50171 /* MessageUI.framework in Frameworks */,
			);
			runOnlyForDeploymentPostprocessing = 0;
		};
		4D44AE132513FE5400ED5142 /* Frameworks */ = {
			isa = PBXFrameworksBuildPhase;
			buildActionMask = 2147483647;
			files = (
			);
			runOnlyForDeploymentPostprocessing = 0;
		};
/* End PBXFrameworksBuildPhase section */

/* Begin PBXGroup section */
		4D0B6B25258EA29200504315 /* Icon Black */ = {
			isa = PBXGroup;
			children = (
				4D0B6B32258EA2CC00504315 /* AppIconBlack@2x.png */,
				4D0B6B33258EA2CC00504315 /* AppIconBlack@2x~ipad.png */,
				4D0B6B34258EA2CC00504315 /* AppIconBlack@3x.png */,
				4D0B6B35258EA2CC00504315 /* AppIconBlackPro@2x~ipad.png */,
			);
			name = "Icon Black";
			sourceTree = "<group>";
		};
		4D44ADF72513FE5300ED5142 = {
			isa = PBXGroup;
			children = (
				4D44AE022513FE5300ED5142 /* Refracto */,
				4D44AE192513FE5400ED5142 /* RefractoTests */,
				4D44AE012513FE5300ED5142 /* Products */,
				4DFEE8A9251569DA00D50171 /* Frameworks */,
			);
			sourceTree = "<group>";
		};
		4D44AE012513FE5300ED5142 /* Products */ = {
			isa = PBXGroup;
			children = (
				4D44AE002513FE5300ED5142 /* Refracto.app */,
				4D44AE162513FE5400ED5142 /* RefractoTests.xctest */,
			);
			name = Products;
			sourceTree = "<group>";
		};
		4D44AE022513FE5300ED5142 /* Refracto */ = {
			isa = PBXGroup;
			children = (
				4D44AE032513FE5300ED5142 /* AppDelegate.swift */,
				4D44AE052513FE5300ED5142 /* SceneDelegate.swift */,
				4DFEE96B25193E3100D50171 /* Refractometer */,
				4DFEE96325193DA000D50171 /* Settings */,
				4DA0CD2D251400470087DD9C /* Computations */,
				4D54B04B25153E980017C3DD /* Extensions */,
				4DA0CD38251401F00087DD9C /* Resources */,
			);
			path = Refracto;
			sourceTree = "<group>";
		};
		4D44AE192513FE5400ED5142 /* RefractoTests */ = {
			isa = PBXGroup;
			children = (
				4D44AE1A2513FE5400ED5142 /* RefractoTests.swift */,
				4D44AE1C2513FE5400ED5142 /* Info.plist */,
			);
			path = RefractoTests;
			sourceTree = "<group>";
		};
		4D54B04B25153E980017C3DD /* Extensions */ = {
			isa = PBXGroup;
			children = (
				4D54B04725153E8C0017C3DD /* String+Localizable.swift */,
				4D8944C0252082B0004A132D /* UIView+Embedding.swift */,
				4DA9FE76251A6117008C0BB4 /* UIViewController+Scene.swift */,
				4D8944CE25208E60004A132D /* UIFont+MonospacedNumbers.swift */,
				4D800D3E2593FFCB005AFD5A /* NSLayoutConstraint+Priority.swift */,
			);
			name = Extensions;
			sourceTree = "<group>";
		};
		4D7D9429255837700089F864 /* Display */ = {
			isa = PBXGroup;
			children = (
				4D7D9425255837690089F864 /* RefractometerDisplay.swift */,
				4D0A09FD2561952D0086B6BD /* ValueDisplay.swift */,
			);
			name = Display;
			sourceTree = "<group>";
		};
		4DA0CD2D251400470087DD9C /* Computations */ = {
			isa = PBXGroup;
			children = (
				4D399E3C25892A4D00079CE9 /* Colors.swift */,
				4DA0CD232513FFE80087DD9C /* Computations.swift */,
				4DA0CD28251400350087DD9C /* Formatters.swift */,
			);
			name = Computations;
			sourceTree = "<group>";
		};
		4DA0CD38251401F00087DD9C /* Resources */ = {
			isa = PBXGroup;
			children = (
				4D6A76C02AC9E282000C57E5 /* PrivacyInfo.xcprivacy */,
				4D44AE112513FE5400ED5142 /* Info.plist */,
				4D44AE0E2513FE5400ED5142 /* LaunchScreen.storyboard */,
				4DFEE8A32515684100D50171 /* Localizable.strings */,
				4D44AE0C2513FE5400ED5142 /* Assets.xcassets */,
				4DFEE939251769E300D50171 /* Alternate Icons */,
			);
			name = Resources;
			sourceTree = "<group>";
		};
		4DF2ECF1252F8A78007A0CDD /* Refraction Input */ = {
			isa = PBXGroup;
			children = (
				4D9035082556C4BB00F6ABC3 /* RefractionInput.swift */,
				4D9A18F72522621E00938ED7 /* RefractionInputCell.swift */,
				4D9A18F62522621E00938ED7 /* RefractionInputLabel.swift */,
				4D9A18F82522621E00938ED7 /* RefractionInputLayout.swift */,
				4D7D942C2558434E0089F864 /* RefractionInputNeedle.swift */,
			);
			name = "Refraction Input";
			sourceTree = "<group>";
		};
		4DF2ECF2252F8A96007A0CDD /* Formula Selection */ = {
			isa = PBXGroup;
			children = (
				4DF18BBF255804C900CFE63F /* FormulaInput.swift */,
				4D9A18F22522620200938ED7 /* FormulaInputCell.swift */,
				4D7D943025584A700089F864 /* FormulaInputDot.swift */,
			);
			name = "Formula Selection";
			sourceTree = "<group>";
		};
		4DFEE8A9251569DA00D50171 /* Frameworks */ = {
			isa = PBXGroup;
			children = (
				4DFEE8AA251569DA00D50171 /* MessageUI.framework */,
			);
			name = Frameworks;
			sourceTree = "<group>";
		};
		4DFEE935251769B600D50171 /* Icon Blue */ = {
			isa = PBXGroup;
			children = (
				4DFEE90F2517697D00D50171 /* AppIconBlue@2x.png */,
				4DFEE90D2517697D00D50171 /* AppIconBlue@2x~ipad.png */,
				4DFEE90E2517697D00D50171 /* AppIconBlue@3x.png */,
				4DFEE9102517697D00D50171 /* AppIconBluePro@2x~ipad.png */,
			);
			name = "Icon Blue";
			sourceTree = "<group>";
		};
		4DFEE936251769BE00D50171 /* Icon Red */ = {
			isa = PBXGroup;
			children = (
				4DFEE91A2517698900D50171 /* AppIconRed@2x.png */,
				4DFEE9192517698900D50171 /* AppIconRed@2x~ipad.png */,
				4DFEE9172517698900D50171 /* AppIconRed@3x.png */,
				4DFEE9182517698900D50171 /* AppIconRedPro@2x~ipad.png */,
			);
			name = "Icon Red";
			sourceTree = "<group>";
		};
		4DFEE937251769C600D50171 /* Icon Yellow */ = {
			isa = PBXGroup;
			children = (
				4DFEE9242517699300D50171 /* AppIconYellow@2x.png */,
				4DFEE9232517699300D50171 /* AppIconYellow@2x~ipad.png */,
				4DFEE9212517699300D50171 /* AppIconYellow@3x.png */,
				4DFEE9222517699300D50171 /* AppIconYellowPro@2x~ipad.png */,
			);
			name = "Icon Yellow";
			sourceTree = "<group>";
		};
		4DFEE938251769CE00D50171 /* Icon White */ = {
			isa = PBXGroup;
			children = (
				4DFEE92E2517699B00D50171 /* AppIconWhite@2x.png */,
				4DFEE92C2517699B00D50171 /* AppIconWhite@2x~ipad.png */,
				4DFEE92D2517699B00D50171 /* AppIconWhite@3x.png */,
				4DFEE92B2517699B00D50171 /* AppIconWhitePro@2x~ipad.png */,
			);
			name = "Icon White";
			sourceTree = "<group>";
		};
		4DFEE939251769E300D50171 /* Alternate Icons */ = {
			isa = PBXGroup;
			children = (
				4D0B6B25258EA29200504315 /* Icon Black */,
				4DFEE935251769B600D50171 /* Icon Blue */,
				4DFEE936251769BE00D50171 /* Icon Red */,
				4DFEE938251769CE00D50171 /* Icon White */,
				4DFEE937251769C600D50171 /* Icon Yellow */,
			);
			name = "Alternate Icons";
			sourceTree = "<group>";
		};
		4DFEE9522517EE8300D50171 /* ItemPicker */ = {
			isa = PBXGroup;
			children = (
				4DFEE9442517EDD400D50171 /* ItemPickable.swift */,
				4DFEE94A2517EE2700D50171 /* ItemPickerCell.swift */,
				4DC3645C258AC68800DF5B8D /* DisclosureIndicator.swift */,
				4DFEE8AE251611BC00D50171 /* ItemPickerController.swift */,
				4DFEE94E2517EE5900D50171 /* ItemCell.swift */,
			);
			name = ItemPicker;
			sourceTree = "<group>";
		};
		4DFEE96325193DA000D50171 /* Settings */ = {
			isa = PBXGroup;
			children = (
				4DFEE95D25192B1800D50171 /* Settings.swift */,
				4D54B03525152E570017C3DD /* SettingsController.swift */,
				4D8944C8252085B5004A132D /* RefractometerNavigationController.swift */,
				4D399E40258942A500079CE9 /* SettingsBaseTableViewCell.swift */,
				4DFEE96425193DB700D50171 /* LinkCell.swift */,
				4DE51EAB251D027300C6DBE8 /* WortCorrectionCell.swift */,
				4DFEE9522517EE8300D50171 /* ItemPicker */,
			);
			name = Settings;
			sourceTree = "<group>";
		};
		4DFEE96B25193E3100D50171 /* Refractometer */ = {
			isa = PBXGroup;
			children = (
				4D54B03F251531260017C3DD /* RefractometerController.swift */,
				4D9F45F725671F13001A6A15 /* RefractometerModel.swift */,
				4D5AFD3E258B959300C7D7E1 /* SeparatorLine.swift */,
				4DF0E0F12595F509007C2D0E /* ReadableWidthView.swift */,
				4D7D9429255837700089F864 /* Display */,
				4DF2ECF2252F8A96007A0CDD /* Formula Selection */,
				4DF2ECF1252F8A78007A0CDD /* Refraction Input */,
			);
			name = Refractometer;
			sourceTree = "<group>";
		};
/* End PBXGroup section */

/* Begin PBXNativeTarget section */
		4D44ADFF2513FE5300ED5142 /* Refracto */ = {
			isa = PBXNativeTarget;
			buildConfigurationList = 4D44AE2A2513FE5400ED5142 /* Build configuration list for PBXNativeTarget "Refracto" */;
			buildPhases = (
				4D44ADFC2513FE5300ED5142 /* Sources */,
				4D44ADFD2513FE5300ED5142 /* Frameworks */,
				4D44ADFE2513FE5300ED5142 /* Resources */,
			);
			buildRules = (
			);
			dependencies = (
			);
			name = Refracto;
			productName = Refracto;
			productReference = 4D44AE002513FE5300ED5142 /* Refracto.app */;
			productType = "com.apple.product-type.application";
		};
		4D44AE152513FE5400ED5142 /* RefractoTests */ = {
			isa = PBXNativeTarget;
			buildConfigurationList = 4D44AE2D2513FE5400ED5142 /* Build configuration list for PBXNativeTarget "RefractoTests" */;
			buildPhases = (
				4D44AE122513FE5400ED5142 /* Sources */,
				4D44AE132513FE5400ED5142 /* Frameworks */,
				4D44AE142513FE5400ED5142 /* Resources */,
			);
			buildRules = (
			);
			dependencies = (
				4D44AE182513FE5400ED5142 /* PBXTargetDependency */,
			);
			name = RefractoTests;
			productName = RefractoTests;
			productReference = 4D44AE162513FE5400ED5142 /* RefractoTests.xctest */;
			productType = "com.apple.product-type.bundle.unit-test";
		};
/* End PBXNativeTarget section */

/* Begin PBXProject section */
		4D44ADF82513FE5300ED5142 /* Project object */ = {
			isa = PBXProject;
			attributes = {
				BuildIndependentTargetsInParallel = YES;
				LastSwiftUpdateCheck = 1200;
				LastUpgradeCheck = 1500;
				TargetAttributes = {
					4D44ADFF2513FE5300ED5142 = {
						CreatedOnToolsVersion = 12.0;
					};
					4D44AE152513FE5400ED5142 = {
						CreatedOnToolsVersion = 12.0;
						TestTargetID = 4D44ADFF2513FE5300ED5142;
					};
				};
			};
			buildConfigurationList = 4D44ADFB2513FE5300ED5142 /* Build configuration list for PBXProject "Refracto" */;
			compatibilityVersion = "Xcode 9.3";
			developmentRegion = en;
			hasScannedForEncodings = 0;
			knownRegions = (
				en,
				Base,
				de,
			);
			mainGroup = 4D44ADF72513FE5300ED5142;
			productRefGroup = 4D44AE012513FE5300ED5142 /* Products */;
			projectDirPath = "";
			projectRoot = "";
			targets = (
				4D44ADFF2513FE5300ED5142 /* Refracto */,
				4D44AE152513FE5400ED5142 /* RefractoTests */,
			);
		};
/* End PBXProject section */

/* Begin PBXResourcesBuildPhase section */
		4D44ADFE2513FE5300ED5142 /* Resources */ = {
			isa = PBXResourcesBuildPhase;
			buildActionMask = 2147483647;
			files = (
				4DFEE9252517699300D50171 /* AppIconYellow@3x.png in Resources */,
				4DFEE91D2517698900D50171 /* AppIconRed@2x~ipad.png in Resources */,
				4DFEE91B2517698900D50171 /* AppIconRed@3x.png in Resources */,
				4DFEE9122517697D00D50171 /* AppIconBlue@3x.png in Resources */,
				4D44AE102513FE5400ED5142 /* LaunchScreen.storyboard in Resources */,
				4DFEE9142517697D00D50171 /* AppIconBluePro@2x~ipad.png in Resources */,
				4D6A76C12AC9E282000C57E5 /* PrivacyInfo.xcprivacy in Resources */,
				4DFEE8A12515684100D50171 /* Localizable.strings in Resources */,
				4D0B6B39258EA2CC00504315 /* AppIconBlackPro@2x~ipad.png in Resources */,
				4DFEE9132517697D00D50171 /* AppIconBlue@2x.png in Resources */,
				4DFEE9312517699B00D50171 /* AppIconWhite@3x.png in Resources */,
				4DFEE9262517699300D50171 /* AppIconYellowPro@2x~ipad.png in Resources */,
				4DFEE9282517699300D50171 /* AppIconYellow@2x.png in Resources */,
				4DFEE9322517699B00D50171 /* AppIconWhite@2x.png in Resources */,
				4D0B6B38258EA2CC00504315 /* AppIconBlack@3x.png in Resources */,
				4DFEE9302517699B00D50171 /* AppIconWhite@2x~ipad.png in Resources */,
				4DFEE91E2517698900D50171 /* AppIconRed@2x.png in Resources */,
				4DFEE91C2517698900D50171 /* AppIconRedPro@2x~ipad.png in Resources */,
				4DFEE92F2517699B00D50171 /* AppIconWhitePro@2x~ipad.png in Resources */,
				4DFEE9112517697D00D50171 /* AppIconBlue@2x~ipad.png in Resources */,
				4DFEE9272517699300D50171 /* AppIconYellow@2x~ipad.png in Resources */,
				4D44AE0D2513FE5400ED5142 /* Assets.xcassets in Resources */,
				4D0B6B37258EA2CC00504315 /* AppIconBlack@2x~ipad.png in Resources */,
				4D0B6B36258EA2CC00504315 /* AppIconBlack@2x.png in Resources */,
			);
			runOnlyForDeploymentPostprocessing = 0;
		};
		4D44AE142513FE5400ED5142 /* Resources */ = {
			isa = PBXResourcesBuildPhase;
			buildActionMask = 2147483647;
			files = (
			);
			runOnlyForDeploymentPostprocessing = 0;
		};
/* End PBXResourcesBuildPhase section */

/* Begin PBXSourcesBuildPhase section */
		4D44ADFC2513FE5300ED5142 /* Sources */ = {
			isa = PBXSourcesBuildPhase;
			buildActionMask = 2147483647;
			files = (
				4D9035092556C4BB00F6ABC3 /* RefractionInput.swift in Sources */,
				4D54B03625152E570017C3DD /* SettingsController.swift in Sources */,
				4D44AE042513FE5300ED5142 /* AppDelegate.swift in Sources */,
				4DFEE95E25192B1800D50171 /* Settings.swift in Sources */,
				4D399E3D25892A4D00079CE9 /* Colors.swift in Sources */,
				4DA9FE77251A6117008C0BB4 /* UIViewController+Scene.swift in Sources */,
				4D44AE062513FE5300ED5142 /* SceneDelegate.swift in Sources */,
				4D800D3F2593FFCB005AFD5A /* NSLayoutConstraint+Priority.swift in Sources */,
				4DFEE9452517EDD400D50171 /* ItemPickable.swift in Sources */,
				4D8944CF25208E60004A132D /* UIFont+MonospacedNumbers.swift in Sources */,
				4DFEE96525193DB700D50171 /* LinkCell.swift in Sources */,
				4D8944C1252082B0004A132D /* UIView+Embedding.swift in Sources */,
				4DA0CD29251400350087DD9C /* Formatters.swift in Sources */,
				4DF2ECE8252F8987007A0CDD /* RefractionInputCell.swift in Sources */,
				4D399E41258942A500079CE9 /* SettingsBaseTableViewCell.swift in Sources */,
				4DF2ECEB252F8991007A0CDD /* RefractionInputLabel.swift in Sources */,
				4DFEE8AF251611BC00D50171 /* ItemPickerController.swift in Sources */,
				4D5AFD3F258B959300C7D7E1 /* SeparatorLine.swift in Sources */,
				4D8944C9252085B5004A132D /* RefractometerNavigationController.swift in Sources */,
				4DE51EAC251D027300C6DBE8 /* WortCorrectionCell.swift in Sources */,
				4D0A09FE2561952D0086B6BD /* ValueDisplay.swift in Sources */,
				4DFEE94B2517EE2700D50171 /* ItemPickerCell.swift in Sources */,
				4DFEE94F2517EE5900D50171 /* ItemCell.swift in Sources */,
				4DA0CD242513FFE80087DD9C /* Computations.swift in Sources */,
				4DF18BC0255804C900CFE63F /* FormulaInput.swift in Sources */,
				4DF2ECE5252F8975007A0CDD /* FormulaInputCell.swift in Sources */,
				4D54B040251531260017C3DD /* RefractometerController.swift in Sources */,
				4D7D942D2558434E0089F864 /* RefractionInputNeedle.swift in Sources */,
				4DC3645D258AC68800DF5B8D /* DisclosureIndicator.swift in Sources */,
				4D7D9426255837690089F864 /* RefractometerDisplay.swift in Sources */,
				4DF0E0F22595F509007C2D0E /* ReadableWidthView.swift in Sources */,
				4D7D943125584A700089F864 /* FormulaInputDot.swift in Sources */,
				4DF2ECEE252F89E7007A0CDD /* RefractionInputLayout.swift in Sources */,
				4D54B04825153E8C0017C3DD /* String+Localizable.swift in Sources */,
				4D9F45F825671F13001A6A15 /* RefractometerModel.swift in Sources */,
			);
			runOnlyForDeploymentPostprocessing = 0;
		};
		4D44AE122513FE5400ED5142 /* Sources */ = {
			isa = PBXSourcesBuildPhase;
			buildActionMask = 2147483647;
			files = (
				4D44AE1B2513FE5400ED5142 /* RefractoTests.swift in Sources */,
			);
			runOnlyForDeploymentPostprocessing = 0;
		};
/* End PBXSourcesBuildPhase section */

/* Begin PBXTargetDependency section */
		4D44AE182513FE5400ED5142 /* PBXTargetDependency */ = {
			isa = PBXTargetDependency;
			target = 4D44ADFF2513FE5300ED5142 /* Refracto */;
			targetProxy = 4D44AE172513FE5400ED5142 /* PBXContainerItemProxy */;
		};
/* End PBXTargetDependency section */

/* Begin PBXVariantGroup section */
		4D44AE0E2513FE5400ED5142 /* LaunchScreen.storyboard */ = {
			isa = PBXVariantGroup;
			children = (
				4D44AE0F2513FE5400ED5142 /* Base */,
			);
			name = LaunchScreen.storyboard;
			sourceTree = "<group>";
		};
		4DFEE8A32515684100D50171 /* Localizable.strings */ = {
			isa = PBXVariantGroup;
			children = (
				4DFEE8A22515684100D50171 /* en */,
				4DFEE8A6251568CD00D50171 /* de */,
			);
			name = Localizable.strings;
			sourceTree = "<group>";
		};
/* End PBXVariantGroup section */

/* Begin XCBuildConfiguration section */
		4D44AE282513FE5400ED5142 /* Debug */ = {
			isa = XCBuildConfiguration;
			buildSettings = {
				ALWAYS_SEARCH_USER_PATHS = NO;
				CLANG_ANALYZER_LOCALIZABILITY_NONLOCALIZED = YES;
				CLANG_ANALYZER_NONNULL = YES;
				CLANG_ANALYZER_NUMBER_OBJECT_CONVERSION = YES_AGGRESSIVE;
				CLANG_CXX_LANGUAGE_STANDARD = "gnu++14";
				CLANG_CXX_LIBRARY = "libc++";
				CLANG_ENABLE_MODULES = YES;
				CLANG_ENABLE_OBJC_ARC = YES;
				CLANG_ENABLE_OBJC_WEAK = YES;
				CLANG_WARN_BLOCK_CAPTURE_AUTORELEASING = YES;
				CLANG_WARN_BOOL_CONVERSION = YES;
				CLANG_WARN_COMMA = YES;
				CLANG_WARN_CONSTANT_CONVERSION = YES;
				CLANG_WARN_DEPRECATED_OBJC_IMPLEMENTATIONS = YES;
				CLANG_WARN_DIRECT_OBJC_ISA_USAGE = YES_ERROR;
				CLANG_WARN_DOCUMENTATION_COMMENTS = YES;
				CLANG_WARN_EMPTY_BODY = YES;
				CLANG_WARN_ENUM_CONVERSION = YES;
				CLANG_WARN_INFINITE_RECURSION = YES;
				CLANG_WARN_INT_CONVERSION = YES;
				CLANG_WARN_NON_LITERAL_NULL_CONVERSION = YES;
				CLANG_WARN_OBJC_IMPLICIT_RETAIN_SELF = YES;
				CLANG_WARN_OBJC_LITERAL_CONVERSION = YES;
				CLANG_WARN_OBJC_ROOT_CLASS = YES_ERROR;
				CLANG_WARN_QUOTED_INCLUDE_IN_FRAMEWORK_HEADER = YES;
				CLANG_WARN_RANGE_LOOP_ANALYSIS = YES;
				CLANG_WARN_STRICT_PROTOTYPES = YES;
				CLANG_WARN_SUSPICIOUS_MOVE = YES;
				CLANG_WARN_UNGUARDED_AVAILABILITY = YES_AGGRESSIVE;
				CLANG_WARN_UNREACHABLE_CODE = YES;
				CLANG_WARN__DUPLICATE_METHOD_MATCH = YES;
				DEBUG_INFORMATION_FORMAT = dwarf;
				ENABLE_STRICT_OBJC_MSGSEND = YES;
				ENABLE_TESTABILITY = YES;
				ENABLE_USER_SCRIPT_SANDBOXING = YES;
				GCC_C_LANGUAGE_STANDARD = gnu11;
				GCC_DYNAMIC_NO_PIC = NO;
				GCC_NO_COMMON_BLOCKS = YES;
				GCC_OPTIMIZATION_LEVEL = 0;
				GCC_PREPROCESSOR_DEFINITIONS = (
					"DEBUG=1",
					"$(inherited)",
				);
				GCC_WARN_64_TO_32_BIT_CONVERSION = YES;
				GCC_WARN_ABOUT_RETURN_TYPE = YES_ERROR;
				GCC_WARN_UNDECLARED_SELECTOR = YES;
				GCC_WARN_UNINITIALIZED_AUTOS = YES_AGGRESSIVE;
				GCC_WARN_UNUSED_FUNCTION = YES;
				GCC_WARN_UNUSED_VARIABLE = YES;
				IPHONEOS_DEPLOYMENT_TARGET = 17.0;
				MTL_ENABLE_DEBUG_INFO = INCLUDE_SOURCE;
				MTL_FAST_MATH = YES;
				ONLY_ACTIVE_ARCH = YES;
				SDKROOT = iphoneos;
				SWIFT_ACTIVE_COMPILATION_CONDITIONS = DEBUG;
				SWIFT_OPTIMIZATION_LEVEL = "-Onone";
			};
			name = Debug;
		};
		4D44AE292513FE5400ED5142 /* Release */ = {
			isa = XCBuildConfiguration;
			buildSettings = {
				ALWAYS_SEARCH_USER_PATHS = NO;
				CLANG_ANALYZER_LOCALIZABILITY_NONLOCALIZED = YES;
				CLANG_ANALYZER_NONNULL = YES;
				CLANG_ANALYZER_NUMBER_OBJECT_CONVERSION = YES_AGGRESSIVE;
				CLANG_CXX_LANGUAGE_STANDARD = "gnu++14";
				CLANG_CXX_LIBRARY = "libc++";
				CLANG_ENABLE_MODULES = YES;
				CLANG_ENABLE_OBJC_ARC = YES;
				CLANG_ENABLE_OBJC_WEAK = YES;
				CLANG_WARN_BLOCK_CAPTURE_AUTORELEASING = YES;
				CLANG_WARN_BOOL_CONVERSION = YES;
				CLANG_WARN_COMMA = YES;
				CLANG_WARN_CONSTANT_CONVERSION = YES;
				CLANG_WARN_DEPRECATED_OBJC_IMPLEMENTATIONS = YES;
				CLANG_WARN_DIRECT_OBJC_ISA_USAGE = YES_ERROR;
				CLANG_WARN_DOCUMENTATION_COMMENTS = YES;
				CLANG_WARN_EMPTY_BODY = YES;
				CLANG_WARN_ENUM_CONVERSION = YES;
				CLANG_WARN_INFINITE_RECURSION = YES;
				CLANG_WARN_INT_CONVERSION = YES;
				CLANG_WARN_NON_LITERAL_NULL_CONVERSION = YES;
				CLANG_WARN_OBJC_IMPLICIT_RETAIN_SELF = YES;
				CLANG_WARN_OBJC_LITERAL_CONVERSION = YES;
				CLANG_WARN_OBJC_ROOT_CLASS = YES_ERROR;
				CLANG_WARN_QUOTED_INCLUDE_IN_FRAMEWORK_HEADER = YES;
				CLANG_WARN_RANGE_LOOP_ANALYSIS = YES;
				CLANG_WARN_STRICT_PROTOTYPES = YES;
				CLANG_WARN_SUSPICIOUS_MOVE = YES;
				CLANG_WARN_UNGUARDED_AVAILABILITY = YES_AGGRESSIVE;
				CLANG_WARN_UNREACHABLE_CODE = YES;
				CLANG_WARN__DUPLICATE_METHOD_MATCH = YES;
				DEBUG_INFORMATION_FORMAT = "dwarf-with-dsym";
				ENABLE_NS_ASSERTIONS = NO;
				ENABLE_STRICT_OBJC_MSGSEND = YES;
				ENABLE_USER_SCRIPT_SANDBOXING = YES;
				GCC_C_LANGUAGE_STANDARD = gnu11;
				GCC_NO_COMMON_BLOCKS = YES;
				GCC_WARN_64_TO_32_BIT_CONVERSION = YES;
				GCC_WARN_ABOUT_RETURN_TYPE = YES_ERROR;
				GCC_WARN_UNDECLARED_SELECTOR = YES;
				GCC_WARN_UNINITIALIZED_AUTOS = YES_AGGRESSIVE;
				GCC_WARN_UNUSED_FUNCTION = YES;
				GCC_WARN_UNUSED_VARIABLE = YES;
				IPHONEOS_DEPLOYMENT_TARGET = 17.0;
				MTL_ENABLE_DEBUG_INFO = NO;
				MTL_FAST_MATH = YES;
				SDKROOT = iphoneos;
				SWIFT_COMPILATION_MODE = wholemodule;
				SWIFT_OPTIMIZATION_LEVEL = "-O";
				VALIDATE_PRODUCT = YES;
			};
			name = Release;
		};
		4D44AE2B2513FE5400ED5142 /* Debug */ = {
			isa = XCBuildConfiguration;
			buildSettings = {
				ASSETCATALOG_COMPILER_APPICON_NAME = AppIcon;
				ASSETCATALOG_COMPILER_GLOBAL_ACCENT_COLOR_NAME = AccentColor;
				CODE_SIGN_STYLE = Automatic;
				CURRENT_PROJECT_VERSION = 410;
				DEVELOPMENT_TEAM = V3YNQKY4J7;
				INFOPLIST_FILE = Refracto/Info.plist;
				LD_RUNPATH_SEARCH_PATHS = (
					"$(inherited)",
					"@executable_path/Frameworks",
				);
				MARKETING_VERSION = 2.0.2;
				PRODUCT_BUNDLE_IDENTIFIER = me.mschmidt.Refracto;
				PRODUCT_NAME = "$(TARGET_NAME)";
				SUPPORTED_PLATFORMS = "iphoneos iphonesimulator";
				SUPPORTS_MACCATALYST = NO;
				SUPPORTS_MAC_DESIGNED_FOR_IPHONE_IPAD = NO;
				SWIFT_VERSION = 5.0;
				TARGETED_DEVICE_FAMILY = "1,2";
			};
			name = Debug;
		};
		4D44AE2C2513FE5400ED5142 /* Release */ = {
			isa = XCBuildConfiguration;
			buildSettings = {
				ASSETCATALOG_COMPILER_APPICON_NAME = AppIcon;
				ASSETCATALOG_COMPILER_GLOBAL_ACCENT_COLOR_NAME = AccentColor;
				CODE_SIGN_STYLE = Automatic;
				CURRENT_PROJECT_VERSION = 410;
				DEVELOPMENT_TEAM = V3YNQKY4J7;
				INFOPLIST_FILE = Refracto/Info.plist;
				LD_RUNPATH_SEARCH_PATHS = (
					"$(inherited)",
					"@executable_path/Frameworks",
				);
				MARKETING_VERSION = 2.0.2;
				PRODUCT_BUNDLE_IDENTIFIER = me.mschmidt.Refracto;
				PRODUCT_NAME = "$(TARGET_NAME)";
				SUPPORTED_PLATFORMS = "iphoneos iphonesimulator";
				SUPPORTS_MACCATALYST = NO;
				SUPPORTS_MAC_DESIGNED_FOR_IPHONE_IPAD = NO;
				SWIFT_VERSION = 5.0;
				TARGETED_DEVICE_FAMILY = "1,2";
			};
			name = Release;
		};
		4D44AE2E2513FE5400ED5142 /* Debug */ = {
			isa = XCBuildConfiguration;
			buildSettings = {
				ALWAYS_EMBED_SWIFT_STANDARD_LIBRARIES = YES;
				BUNDLE_LOADER = "$(TEST_HOST)";
				CODE_SIGN_STYLE = Automatic;
				DEVELOPMENT_TEAM = V3YNQKY4J7;
				INFOPLIST_FILE = RefractoTests/Info.plist;
				LD_RUNPATH_SEARCH_PATHS = (
					"$(inherited)",
					"@executable_path/Frameworks",
					"@loader_path/Frameworks",
				);
				PRODUCT_BUNDLE_IDENTIFIER = me.mschmidt.RefractoTests;
				PRODUCT_NAME = "$(TARGET_NAME)";
				SUPPORTED_PLATFORMS = "iphoneos iphonesimulator";
				SUPPORTS_MACCATALYST = NO;
				SUPPORTS_MAC_DESIGNED_FOR_IPHONE_IPAD = NO;
				SWIFT_VERSION = 5.0;
				TARGETED_DEVICE_FAMILY = "1,2";
				TEST_HOST = "$(BUILT_PRODUCTS_DIR)/Refracto.app/Refracto";
			};
			name = Debug;
		};
		4D44AE2F2513FE5400ED5142 /* Release */ = {
			isa = XCBuildConfiguration;
			buildSettings = {
				ALWAYS_EMBED_SWIFT_STANDARD_LIBRARIES = YES;
				BUNDLE_LOADER = "$(TEST_HOST)";
				CODE_SIGN_STYLE = Automatic;
				DEVELOPMENT_TEAM = V3YNQKY4J7;
				INFOPLIST_FILE = RefractoTests/Info.plist;
				LD_RUNPATH_SEARCH_PATHS = (
					"$(inherited)",
					"@executable_path/Frameworks",
					"@loader_path/Frameworks",
				);
				PRODUCT_BUNDLE_IDENTIFIER = me.mschmidt.RefractoTests;
				PRODUCT_NAME = "$(TARGET_NAME)";
				SUPPORTED_PLATFORMS = "iphoneos iphonesimulator";
				SUPPORTS_MACCATALYST = NO;
				SUPPORTS_MAC_DESIGNED_FOR_IPHONE_IPAD = NO;
				SWIFT_VERSION = 5.0;
				TARGETED_DEVICE_FAMILY = "1,2";
				TEST_HOST = "$(BUILT_PRODUCTS_DIR)/Refracto.app/Refracto";
			};
			name = Release;
		};
/* End XCBuildConfiguration section */

/* Begin XCConfigurationList section */
		4D44ADFB2513FE5300ED5142 /* Build configuration list for PBXProject "Refracto" */ = {
			isa = XCConfigurationList;
			buildConfigurations = (
				4D44AE282513FE5400ED5142 /* Debug */,
				4D44AE292513FE5400ED5142 /* Release */,
			);
			defaultConfigurationIsVisible = 0;
			defaultConfigurationName = Release;
		};
		4D44AE2A2513FE5400ED5142 /* Build configuration list for PBXNativeTarget "Refracto" */ = {
			isa = XCConfigurationList;
			buildConfigurations = (
				4D44AE2B2513FE5400ED5142 /* Debug */,
				4D44AE2C2513FE5400ED5142 /* Release */,
			);
			defaultConfigurationIsVisible = 0;
			defaultConfigurationName = Release;
		};
		4D44AE2D2513FE5400ED5142 /* Build configuration list for PBXNativeTarget "RefractoTests" */ = {
			isa = XCConfigurationList;
			buildConfigurations = (
				4D44AE2E2513FE5400ED5142 /* Debug */,
				4D44AE2F2513FE5400ED5142 /* Release */,
			);
			defaultConfigurationIsVisible = 0;
			defaultConfigurationName = Release;
		};
/* End XCConfigurationList section */
	};
	rootObject = 4D44ADF82513FE5300ED5142 /* Project object */;
}
